
Microsoft Visual Studio Solution File, Format Version 12.00
# Visual Studio Version 17
VisualStudioVersion = 17.14.36623.8
MinimumVisualStudioVersion = 10.0.40219.1
Project("{FAE04EC0-301F-11D3-BF4B-00C04F79EFBC}") = "Passworder", "Passworder\Passworder.csproj", "{005B8F73-EA8D-4951-AFD1-C70EDF5C1451}"
EndProject
Project("{FAE04EC0-301F-11D3-BF4B-00C04F79EFBC}") = "PassworderTest", "PassworderTest\PassworderTest.csproj", "{15111835-D569-440E-900B-548A2F1B2EAA}"
EndProject
Global
	GlobalSection(SolutionConfigurationPlatforms) = preSolution
		Debug|Any CPU = Debug|Any CPU
		Release|Any CPU = Release|Any CPU
	EndGlobalSection
	GlobalSection(ProjectConfigurationPlatforms) = postSolution
		{005B8F73-EA8D-4951-AFD1-C70EDF5C1451}.Debug|Any CPU.ActiveCfg = Debug|Any CPU
		{005B8F73-EA8D-4951-AFD1-C70EDF5C1451}.Debug|Any CPU.Build.0 = Debug|Any CPU
		{005B8F73-EA8D-4951-AFD1-C70EDF5C1451}.Release|Any CPU.ActiveCfg = Release|Any CPU
		{005B8F73-EA8D-4951-AFD1-C70EDF5C1451}.Release|Any CPU.Build.0 = Release|Any CPU
		{15111835-D569-440E-900B-548A2F1B2EAA}.Debug|Any CPU.ActiveCfg = Debug|Any CPU
		{15111835-D569-440E-900B-548A2F1B2EAA}.Debug|Any CPU.Build.0 = Debug|Any CPU
		{15111835-D569-440E-900B-548A2F1B2EAA}.Release|Any CPU.ActiveCfg = Release|Any CPU
		{15111835-D569-440E-900B-548A2F1B2EAA}.Release|Any CPU.Build.0 = Release|Any CPU
	EndGlobalSection
	GlobalSection(SolutionProperties) = preSolution
		HideSolutionNode = FALSE
	EndGlobalSection
	GlobalSection(ExtensibilityGlobals) = postSolution
		SolutionGuid = {61360935-3ECB-4E38-83EF-81262B9F8E3B}
	EndGlobalSection
EndGlobal
